
Microsoft Visual Studio Solution File, Format Version 12.00
# Visual Studio Version 16
VisualStudioVersion = 16.0.31729.503
MinimumVisualStudioVersion = 10.0.40219.1
Project("{FAE04EC0-301F-11D3-BF4B-00C04F79EFBC}") = "TurismoRealDesktop", "TurismoRealDesktop\TurismoRealDesktop.csproj", "{56AEB143-E95F-45DF-BA3B-B09E71DD7C89}"
EndProject
Project("{FAE04EC0-301F-11D3-BF4B-00C04F79EFBC}") = "TurismoRealDesktopDAL", "TurismoRealDesktopDAL\TurismoRealDesktopDAL.csproj", "{98AFBDC5-3C44-40F8-8091-0FD4190E290F}"
EndProject
Project("{FAE04EC0-301F-11D3-BF4B-00C04F79EFBC}") = "TurismoRealDesktopBLL", "TurismoRealDesktopBLL\TurismoRealDesktopBLL.csproj", "{BA06650D-2EA5-4618-8684-0BFC302A6A19}"
EndProject
Global
	GlobalSection(SolutionConfigurationPlatforms) = preSolution
		Debug|Any CPU = Debug|Any CPU
		Release|Any CPU = Release|Any CPU
	EndGlobalSection
	GlobalSection(ProjectConfigurationPlatforms) = postSolution
		{56AEB143-E95F-45DF-BA3B-B09E71DD7C89}.Debug|Any CPU.ActiveCfg = Debug|Any CPU
		{56AEB143-E95F-45DF-BA3B-B09E71DD7C89}.Debug|Any CPU.Build.0 = Debug|Any CPU
		{56AEB143-E95F-45DF-BA3B-B09E71DD7C89}.Release|Any CPU.ActiveCfg = Release|Any CPU
		{56AEB143-E95F-45DF-BA3B-B09E71DD7C89}.Release|Any CPU.Build.0 = Release|Any CPU
		{98AFBDC5-3C44-40F8-8091-0FD4190E290F}.Debug|Any CPU.ActiveCfg = Debug|Any CPU
		{98AFBDC5-3C44-40F8-8091-0FD4190E290F}.Debug|Any CPU.Build.0 = Debug|Any CPU
		{98AFBDC5-3C44-40F8-8091-0FD4190E290F}.Release|Any CPU.ActiveCfg = Release|Any CPU
		{98AFBDC5-3C44-40F8-8091-0FD4190E290F}.Release|Any CPU.Build.0 = Release|Any CPU
		{BA06650D-2EA5-4618-8684-0BFC302A6A19}.Debug|Any CPU.ActiveCfg = Debug|Any CPU
		{BA06650D-2EA5-4618-8684-0BFC302A6A19}.Debug|Any CPU.Build.0 = Debug|Any CPU
		{BA06650D-2EA5-4618-8684-0BFC302A6A19}.Release|Any CPU.ActiveCfg = Release|Any CPU
		{BA06650D-2EA5-4618-8684-0BFC302A6A19}.Release|Any CPU.Build.0 = Release|Any CPU
	EndGlobalSection
	GlobalSection(SolutionProperties) = preSolution
		HideSolutionNode = FALSE
	EndGlobalSection
	GlobalSection(ExtensibilityGlobals) = postSolution
		SolutionGuid = {E20F43CC-B5F7-4B3B-922B-1E5515C7F9FD}
	EndGlobalSection
EndGlobal
